
Microsoft Visual Studio Solution File, Format Version 12.00
# Visual Studio Version 17
VisualStudioVersion = 17.4.33213.308
MinimumVisualStudioVersion = 10.0.40219.1
Project("{FAE04EC0-301F-11D3-BF4B-00C04F79EFBC}") = "code farmer opdr8", "code farmer opdr8\code farmer opdr8.csproj", "{630A75F5-FC14-4877-8721-76A0889B32EA}"
EndProject
Global
	GlobalSection(SolutionConfigurationPlatforms) = preSolution
		Debug|Any CPU = Debug|Any CPU
		Release|Any CPU = Release|Any CPU
	EndGlobalSection
	GlobalSection(ProjectConfigurationPlatforms) = postSolution
		{630A75F5-FC14-4877-8721-76A0889B32EA}.Debug|Any CPU.ActiveCfg = Debug|Any CPU
		{630A75F5-FC14-4877-8721-76A0889B32EA}.Debug|Any CPU.Build.0 = Debug|Any CPU
		{630A75F5-FC14-4877-8721-76A0889B32EA}.Release|Any CPU.ActiveCfg = Release|Any CPU
		{630A75F5-FC14-4877-8721-76A0889B32EA}.Release|Any CPU.Build.0 = Release|Any CPU
	EndGlobalSection
	GlobalSection(SolutionProperties) = preSolution
		HideSolutionNode = FALSE
	EndGlobalSection
	GlobalSection(ExtensibilityGlobals) = postSolution
		SolutionGuid = {9F3DBC12-3D8F-4E6D-8017-E70AB29D7BE5}
	EndGlobalSection
EndGlobal
